{
  "originHash" : "3f79105cc9cd206f415924d71fc844aa7787808f128fcbff146be60307a3d636",
  "pins" : [
    {
      "identity" : "alprogressview",
      "kind" : "remoteSourceControl",
      "location" : "https://github.com/alxrguz/ALProgressView",
      "state" : {
        "revision" : "54f42cb339924de1b37fe8ecdbe72a3336cbc73d",
        "version" : "2.0.0"
      }
    },
    {
      "identity" : "attributedstring",
      "kind" : "remoteSourceControl",
      "location" : "https://github.com/lixiang1994/AttributedString",
      "state" : {
        "revision" : "f3a2b4d4805bc96df0f11061e5b33fefb3a337c6",
        "version" : "3.4.1"
      }
    },
    {
      "identity" : "snapkit",
      "kind" : "remoteSourceControl",
      "location" : "https://github.com/SnapKit/SnapKit",
      "state" : {
        "revision" : "2842e6e84e82eb9a8dac0100ca90d9444b0307f4",
        "version" : "5.7.1"
      }
    }
  ],
  "version" : 3
}
